
Microsoft Visual Studio Solution File, Format Version 12.00
# Visual Studio Version 17
VisualStudioVersion = 17.14.36603.0 d17.14
MinimumVisualStudioVersion = 10.0.40219.1
Project("{FAE04EC0-301F-11D3-BF4B-00C04F79EFBC}") = "Task10.06", "Task10.06\Task10.06.csproj", "{15D75191-4DF4-4EB2-8D6C-419A1CB0A26D}"
EndProject
Global
	GlobalSection(SolutionConfigurationPlatforms) = preSolution
		Debug|Any CPU = Debug|Any CPU
		Release|Any CPU = Release|Any CPU
	EndGlobalSection
	GlobalSection(ProjectConfigurationPlatforms) = postSolution
		{15D75191-4DF4-4EB2-8D6C-419A1CB0A26D}.Debug|Any CPU.ActiveCfg = Debug|Any CPU
		{15D75191-4DF4-4EB2-8D6C-419A1CB0A26D}.Debug|Any CPU.Build.0 = Debug|Any CPU
		{15D75191-4DF4-4EB2-8D6C-419A1CB0A26D}.Release|Any CPU.ActiveCfg = Release|Any CPU
		{15D75191-4DF4-4EB2-8D6C-419A1CB0A26D}.Release|Any CPU.Build.0 = Release|Any CPU
	EndGlobalSection
	GlobalSection(SolutionProperties) = preSolution
		HideSolutionNode = FALSE
	EndGlobalSection
	GlobalSection(ExtensibilityGlobals) = postSolution
		SolutionGuid = {7966C1C9-7207-4F0A-8211-E0706A630D34}
	EndGlobalSection
EndGlobal
