
Microsoft Visual Studio Solution File, Format Version 12.00
# Visual Studio Version 17
VisualStudioVersion = 17.14.36804.6 d17.14
MinimumVisualStudioVersion = 10.0.40219.1
Project("{FAE04EC0-301F-11D3-BF4B-00C04F79EFBC}") = "Service", "Service\Service.csproj", "{C1A1E389-AAE6-487A-809D-9CF0304FA4D8}"
EndProject
Project("{FAE04EC0-301F-11D3-BF4B-00C04F79EFBC}") = "ServiceApplication", "ServiceApplication\ServiceApplication.csproj", "{145C932A-4243-403E-89CE-4FA7F8D7CDBC}"
EndProject
Global
	GlobalSection(SolutionConfigurationPlatforms) = preSolution
		Debug|Any CPU = Debug|Any CPU
		Release|Any CPU = Release|Any CPU
	EndGlobalSection
	GlobalSection(ProjectConfigurationPlatforms) = postSolution
		{C1A1E389-AAE6-487A-809D-9CF0304FA4D8}.Debug|Any CPU.ActiveCfg = Debug|Any CPU
		{C1A1E389-AAE6-487A-809D-9CF0304FA4D8}.Debug|Any CPU.Build.0 = Debug|Any CPU
		{C1A1E389-AAE6-487A-809D-9CF0304FA4D8}.Release|Any CPU.ActiveCfg = Release|Any CPU
		{C1A1E389-AAE6-487A-809D-9CF0304FA4D8}.Release|Any CPU.Build.0 = Release|Any CPU
		{145C932A-4243-403E-89CE-4FA7F8D7CDBC}.Debug|Any CPU.ActiveCfg = Debug|Any CPU
		{145C932A-4243-403E-89CE-4FA7F8D7CDBC}.Debug|Any CPU.Build.0 = Debug|Any CPU
		{145C932A-4243-403E-89CE-4FA7F8D7CDBC}.Release|Any CPU.ActiveCfg = Release|Any CPU
		{145C932A-4243-403E-89CE-4FA7F8D7CDBC}.Release|Any CPU.Build.0 = Release|Any CPU
	EndGlobalSection
	GlobalSection(SolutionProperties) = preSolution
		HideSolutionNode = FALSE
	EndGlobalSection
	GlobalSection(ExtensibilityGlobals) = postSolution
		SolutionGuid = {9FF8EC53-15BE-40FB-8FB0-424B8EB53013}
	EndGlobalSection
EndGlobal
