
Microsoft Visual Studio Solution File, Format Version 12.00
# Visual Studio Version 17
VisualStudioVersion = 17.14.36429.23 d17.14
MinimumVisualStudioVersion = 10.0.40219.1
Project("{FAE04EC0-301F-11D3-BF4B-00C04F79EFBC}") = "Task4", "Task4\Task4.csproj", "{F8F78FBD-7954-4AAA-B8D3-7BEB6CC7136A}"
EndProject
Global
	GlobalSection(SolutionConfigurationPlatforms) = preSolution
		Debug|Any CPU = Debug|Any CPU
		Release|Any CPU = Release|Any CPU
	EndGlobalSection
	GlobalSection(ProjectConfigurationPlatforms) = postSolution
		{F8F78FBD-7954-4AAA-B8D3-7BEB6CC7136A}.Debug|Any CPU.ActiveCfg = Debug|Any CPU
		{F8F78FBD-7954-4AAA-B8D3-7BEB6CC7136A}.Debug|Any CPU.Build.0 = Debug|Any CPU
		{F8F78FBD-7954-4AAA-B8D3-7BEB6CC7136A}.Release|Any CPU.ActiveCfg = Release|Any CPU
		{F8F78FBD-7954-4AAA-B8D3-7BEB6CC7136A}.Release|Any CPU.Build.0 = Release|Any CPU
	EndGlobalSection
	GlobalSection(SolutionProperties) = preSolution
		HideSolutionNode = FALSE
	EndGlobalSection
	GlobalSection(ExtensibilityGlobals) = postSolution
		SolutionGuid = {97164370-22A9-4369-BFBC-75BEB90C2C99}
	EndGlobalSection
EndGlobal
