
Microsoft Visual Studio Solution File, Format Version 12.00
# Visual Studio Version 17
VisualStudioVersion = 17.14.36603.0 d17.14
MinimumVisualStudioVersion = 10.0.40219.1
Project("{FAE04EC0-301F-11D3-BF4B-00C04F79EFBC}") = "Task10.04", "Task10.04\Task10.04.csproj", "{0343BBCC-BF8E-44D1-9C0B-F4ECA1038767}"
EndProject
Global
	GlobalSection(SolutionConfigurationPlatforms) = preSolution
		Debug|Any CPU = Debug|Any CPU
		Release|Any CPU = Release|Any CPU
	EndGlobalSection
	GlobalSection(ProjectConfigurationPlatforms) = postSolution
		{0343BBCC-BF8E-44D1-9C0B-F4ECA1038767}.Debug|Any CPU.ActiveCfg = Debug|Any CPU
		{0343BBCC-BF8E-44D1-9C0B-F4ECA1038767}.Debug|Any CPU.Build.0 = Debug|Any CPU
		{0343BBCC-BF8E-44D1-9C0B-F4ECA1038767}.Release|Any CPU.ActiveCfg = Release|Any CPU
		{0343BBCC-BF8E-44D1-9C0B-F4ECA1038767}.Release|Any CPU.Build.0 = Release|Any CPU
	EndGlobalSection
	GlobalSection(SolutionProperties) = preSolution
		HideSolutionNode = FALSE
	EndGlobalSection
	GlobalSection(ExtensibilityGlobals) = postSolution
		SolutionGuid = {6089A639-2F14-4398-9B02-50F969C8DA4D}
	EndGlobalSection
EndGlobal
