
Microsoft Visual Studio Solution File, Format Version 12.00
# Visual Studio Version 17
VisualStudioVersion = 17.14.36603.0 d17.14
MinimumVisualStudioVersion = 10.0.40219.1
Project("{FAE04EC0-301F-11D3-BF4B-00C04F79EFBC}") = "primer cikl", "primer cikl\primer cikl.csproj", "{3D5A7169-B3AC-4C9E-BD09-0002DDEA9394}"
EndProject
Global
	GlobalSection(SolutionConfigurationPlatforms) = preSolution
		Debug|Any CPU = Debug|Any CPU
		Release|Any CPU = Release|Any CPU
	EndGlobalSection
	GlobalSection(ProjectConfigurationPlatforms) = postSolution
		{3D5A7169-B3AC-4C9E-BD09-0002DDEA9394}.Debug|Any CPU.ActiveCfg = Debug|Any CPU
		{3D5A7169-B3AC-4C9E-BD09-0002DDEA9394}.Debug|Any CPU.Build.0 = Debug|Any CPU
		{3D5A7169-B3AC-4C9E-BD09-0002DDEA9394}.Release|Any CPU.ActiveCfg = Release|Any CPU
		{3D5A7169-B3AC-4C9E-BD09-0002DDEA9394}.Release|Any CPU.Build.0 = Release|Any CPU
	EndGlobalSection
	GlobalSection(SolutionProperties) = preSolution
		HideSolutionNode = FALSE
	EndGlobalSection
	GlobalSection(ExtensibilityGlobals) = postSolution
		SolutionGuid = {F82A3F58-B764-4120-9036-34959AC8B13B}
	EndGlobalSection
EndGlobal
