
Microsoft Visual Studio Solution File, Format Version 12.00
# Visual Studio Version 17
VisualStudioVersion = 17.14.36603.0 d17.14
MinimumVisualStudioVersion = 10.0.40219.1
Project("{FAE04EC0-301F-11D3-BF4B-00C04F79EFBC}") = "Task11", "Task11\Task11.csproj", "{5582621E-8FE1-44CD-8E4A-D4E32EB82740}"
EndProject
Global
	GlobalSection(SolutionConfigurationPlatforms) = preSolution
		Debug|Any CPU = Debug|Any CPU
		Release|Any CPU = Release|Any CPU
	EndGlobalSection
	GlobalSection(ProjectConfigurationPlatforms) = postSolution
		{5582621E-8FE1-44CD-8E4A-D4E32EB82740}.Debug|Any CPU.ActiveCfg = Debug|Any CPU
		{5582621E-8FE1-44CD-8E4A-D4E32EB82740}.Debug|Any CPU.Build.0 = Debug|Any CPU
		{5582621E-8FE1-44CD-8E4A-D4E32EB82740}.Release|Any CPU.ActiveCfg = Release|Any CPU
		{5582621E-8FE1-44CD-8E4A-D4E32EB82740}.Release|Any CPU.Build.0 = Release|Any CPU
	EndGlobalSection
	GlobalSection(SolutionProperties) = preSolution
		HideSolutionNode = FALSE
	EndGlobalSection
	GlobalSection(ExtensibilityGlobals) = postSolution
		SolutionGuid = {767DA76A-CCDB-4A25-A8E1-1B56EA5C1DB2}
	EndGlobalSection
EndGlobal
