
Microsoft Visual Studio Solution File, Format Version 12.00
# Visual Studio Version 17
VisualStudioVersion = 17.14.36603.0 d17.14
MinimumVisualStudioVersion = 10.0.40219.1
Project("{FAE04EC0-301F-11D3-BF4B-00C04F79EFBC}") = "Task10.02", "Task10.02\Task10.02.csproj", "{DF9184CE-92ED-46F9-AE5A-5A5F8C5938F7}"
EndProject
Global
	GlobalSection(SolutionConfigurationPlatforms) = preSolution
		Debug|Any CPU = Debug|Any CPU
		Release|Any CPU = Release|Any CPU
	EndGlobalSection
	GlobalSection(ProjectConfigurationPlatforms) = postSolution
		{DF9184CE-92ED-46F9-AE5A-5A5F8C5938F7}.Debug|Any CPU.ActiveCfg = Debug|Any CPU
		{DF9184CE-92ED-46F9-AE5A-5A5F8C5938F7}.Debug|Any CPU.Build.0 = Debug|Any CPU
		{DF9184CE-92ED-46F9-AE5A-5A5F8C5938F7}.Release|Any CPU.ActiveCfg = Release|Any CPU
		{DF9184CE-92ED-46F9-AE5A-5A5F8C5938F7}.Release|Any CPU.Build.0 = Release|Any CPU
	EndGlobalSection
	GlobalSection(SolutionProperties) = preSolution
		HideSolutionNode = FALSE
	EndGlobalSection
	GlobalSection(ExtensibilityGlobals) = postSolution
		SolutionGuid = {F7D4B9C5-52D3-46D5-8BDC-D7E949A9A614}
	EndGlobalSection
EndGlobal
